
Microsoft Visual Studio Solution File, Format Version 12.00
# Visual Studio Version 16
VisualStudioVersion = 16.0.30523.141
MinimumVisualStudioVersion = 10.0.40219.1
Project("{FAE04EC0-301F-11D3-BF4B-00C04F79EFBC}") = "BoardGame", "BoardGame\BoardGame.csproj", "{31AEF9E5-897D-42DA-9383-496CA8B742FD}"
EndProject
Global
	GlobalSection(SolutionConfigurationPlatforms) = preSolution
		Debug|Any CPU = Debug|Any CPU
		Release|Any CPU = Release|Any CPU
	EndGlobalSection
	GlobalSection(ProjectConfigurationPlatforms) = postSolution
		{31AEF9E5-897D-42DA-9383-496CA8B742FD}.Debug|Any CPU.ActiveCfg = Debug|Any CPU
		{31AEF9E5-897D-42DA-9383-496CA8B742FD}.Debug|Any CPU.Build.0 = Debug|Any CPU
		{31AEF9E5-897D-42DA-9383-496CA8B742FD}.Release|Any CPU.ActiveCfg = Release|Any CPU
		{31AEF9E5-897D-42DA-9383-496CA8B742FD}.Release|Any CPU.Build.0 = Release|Any CPU
	EndGlobalSection
	GlobalSection(SolutionProperties) = preSolution
		HideSolutionNode = FALSE
	EndGlobalSection
	GlobalSection(ExtensibilityGlobals) = postSolution
		SolutionGuid = {70496404-1E50-40DF-9D0D-E18150BB4068}
	EndGlobalSection
EndGlobal
